
Microsoft Visual Studio Solution File, Format Version 12.00
# Visual Studio Version 16
VisualStudioVersion = 16.0.29324.140
MinimumVisualStudioVersion = 10.0.40219.1
Project("{FAE04EC0-301F-11D3-BF4B-00C04F79EFBC}") = "paercebal.TuneSharp", "paercebal.TuneSharp\paercebal.TuneSharp.csproj", "{BDC68235-B4CD-4E1B-92CC-F1719887CD75}"
EndProject
Global
	GlobalSection(SolutionConfigurationPlatforms) = preSolution
		Debug|Any CPU = Debug|Any CPU
		Release|Any CPU = Release|Any CPU
	EndGlobalSection
	GlobalSection(ProjectConfigurationPlatforms) = postSolution
		{BDC68235-B4CD-4E1B-92CC-F1719887CD75}.Debug|Any CPU.ActiveCfg = Debug|Any CPU
		{BDC68235-B4CD-4E1B-92CC-F1719887CD75}.Debug|Any CPU.Build.0 = Debug|Any CPU
		{BDC68235-B4CD-4E1B-92CC-F1719887CD75}.Release|Any CPU.ActiveCfg = Release|Any CPU
		{BDC68235-B4CD-4E1B-92CC-F1719887CD75}.Release|Any CPU.Build.0 = Release|Any CPU
	EndGlobalSection
	GlobalSection(SolutionProperties) = preSolution
		HideSolutionNode = FALSE
	EndGlobalSection
	GlobalSection(ExtensibilityGlobals) = postSolution
		SolutionGuid = {4E4C8417-2D80-4A00-B947-D43AD7B37726}
	EndGlobalSection
EndGlobal
